
Microsoft Visual Studio Solution File, Format Version 12.00
# Visual Studio Version 17
VisualStudioVersion = 17.6.33815.320
MinimumVisualStudioVersion = 10.0.40219.1
Project("{FAE04EC0-301F-11D3-BF4B-00C04F79EFBC}") = "ASP_Tutorial", "ASP_Tutorial.csproj", "{BF90B0AF-32EC-4BEB-92C8-7506FE484ADA}"
EndProject
Global
	GlobalSection(SolutionConfigurationPlatforms) = preSolution
		Debug|Any CPU = Debug|Any CPU
		Release|Any CPU = Release|Any CPU
	EndGlobalSection
	GlobalSection(ProjectConfigurationPlatforms) = postSolution
		{BF90B0AF-32EC-4BEB-92C8-7506FE484ADA}.Debug|Any CPU.ActiveCfg = Debug|Any CPU
		{BF90B0AF-32EC-4BEB-92C8-7506FE484ADA}.Debug|Any CPU.Build.0 = Debug|Any CPU
		{BF90B0AF-32EC-4BEB-92C8-7506FE484ADA}.Release|Any CPU.ActiveCfg = Release|Any CPU
		{BF90B0AF-32EC-4BEB-92C8-7506FE484ADA}.Release|Any CPU.Build.0 = Release|Any CPU
	EndGlobalSection
	GlobalSection(SolutionProperties) = preSolution
		HideSolutionNode = FALSE
	EndGlobalSection
	GlobalSection(ExtensibilityGlobals) = postSolution
		SolutionGuid = {025A1891-B8AA-402B-AA49-8D336A658BAB}
	EndGlobalSection
EndGlobal
